
Microsoft Visual Studio Solution File, Format Version 12.00
# Visual Studio 14
VisualStudioVersion = 14.0.25420.1
MinimumVisualStudioVersion = 10.0.40219.1
Project("{FAE04EC0-301F-11D3-BF4B-00C04F79EFBC}") = "WebApi", "WebApi\WebApi.csproj", "{7E3B0BCC-A886-4327-84C8-46B811CB2092}"
EndProject
Project("{FAE04EC0-301F-11D3-BF4B-00C04F79EFBC}") = "Device", "Device\Device.csproj", "{38A7365B-D167-4353-A0E3-BC6750E6BF88}"
EndProject
Project("{FAE04EC0-301F-11D3-BF4B-00C04F79EFBC}") = "WinFormClient", "WinFormClient\WinFormClient.csproj", "{741884BB-2EED-44E6-83CF-AA10FF107AAF}"
EndProject
Global
	GlobalSection(SolutionConfigurationPlatforms) = preSolution
		Debug|Any CPU = Debug|Any CPU
		Release|Any CPU = Release|Any CPU
	EndGlobalSection
	GlobalSection(ProjectConfigurationPlatforms) = postSolution
		{7E3B0BCC-A886-4327-84C8-46B811CB2092}.Debug|Any CPU.ActiveCfg = Debug|Any CPU
		{7E3B0BCC-A886-4327-84C8-46B811CB2092}.Debug|Any CPU.Build.0 = Debug|Any CPU
		{7E3B0BCC-A886-4327-84C8-46B811CB2092}.Release|Any CPU.ActiveCfg = Release|Any CPU
		{7E3B0BCC-A886-4327-84C8-46B811CB2092}.Release|Any CPU.Build.0 = Release|Any CPU
		{38A7365B-D167-4353-A0E3-BC6750E6BF88}.Debug|Any CPU.ActiveCfg = Debug|Any CPU
		{38A7365B-D167-4353-A0E3-BC6750E6BF88}.Debug|Any CPU.Build.0 = Debug|Any CPU
		{38A7365B-D167-4353-A0E3-BC6750E6BF88}.Release|Any CPU.ActiveCfg = Release|Any CPU
		{38A7365B-D167-4353-A0E3-BC6750E6BF88}.Release|Any CPU.Build.0 = Release|Any CPU
		{741884BB-2EED-44E6-83CF-AA10FF107AAF}.Debug|Any CPU.ActiveCfg = Debug|Any CPU
		{741884BB-2EED-44E6-83CF-AA10FF107AAF}.Debug|Any CPU.Build.0 = Debug|Any CPU
		{741884BB-2EED-44E6-83CF-AA10FF107AAF}.Release|Any CPU.ActiveCfg = Release|Any CPU
		{741884BB-2EED-44E6-83CF-AA10FF107AAF}.Release|Any CPU.Build.0 = Release|Any CPU
	EndGlobalSection
	GlobalSection(SolutionProperties) = preSolution
		HideSolutionNode = FALSE
	EndGlobalSection
	GlobalSection(ExtensibilityGlobals) = postSolution
		EnterpriseLibraryConfigurationToolBinariesPathV6 = packages\EnterpriseLibrary.TransientFaultHandling.6.0.1304.0\lib\portable-net45+win+wp8
	EndGlobalSection
EndGlobal
